// !$*UTF8*$!
{
	archiveVersion = 1;
	classes = {
	};
	objectVersion = 56;
	objects = {

/* Begin PBXBuildFile section */
		3CC821922B908181006216E7 /* Composer.swift in Sources */ = {isa = PBXBuildFile; fileRef = 3CC821912B908181006216E7 /* Composer.swift */; };
		3CC821942B9083D9006216E7 /* Death.swift in Sources */ = {isa = PBXBuildFile; fileRef = 3CC821932B9083D9006216E7 /* Death.swift */; };
		3CC821972B9085D6006216E7 /* ComposersViewModel.swift in Sources */ = {isa = PBXBuildFile; fileRef = 3CC821962B9085D6006216E7 /* ComposersViewModel.swift */; };
		3CC8219A2B908BAF006216E7 /* ComposerTableViewCell.swift in Sources */ = {isa = PBXBuildFile; fileRef = 3CC821992B908BAF006216E7 /* ComposerTableViewCell.swift */; };
		3CC9FBF82B8F82F9004246A6 /* AppDelegate.swift in Sources */ = {isa = PBXBuildFile; fileRef = 3CC9FBF72B8F82F9004246A6 /* AppDelegate.swift */; };
		3CC9FBFA2B8F82F9004246A6 /* SceneDelegate.swift in Sources */ = {isa = PBXBuildFile; fileRef = 3CC9FBF92B8F82F9004246A6 /* SceneDelegate.swift */; };
		3CC9FBFC2B8F82F9004246A6 /* ComposersViewController.swift in Sources */ = {isa = PBXBuildFile; fileRef = 3CC9FBFB2B8F82F9004246A6 /* ComposersViewController.swift */; };
		3CC9FBFF2B8F82F9004246A6 /* Main.storyboard in Resources */ = {isa = PBXBuildFile; fileRef = 3CC9FBFD2B8F82F9004246A6 /* Main.storyboard */; };
		3CC9FC012B8F82FB004246A6 /* Assets.xcassets in Resources */ = {isa = PBXBuildFile; fileRef = 3CC9FC002B8F82FB004246A6 /* Assets.xcassets */; };
		3CC9FC042B8F82FB004246A6 /* LaunchScreen.storyboard in Resources */ = {isa = PBXBuildFile; fileRef = 3CC9FC022B8F82FB004246A6 /* LaunchScreen.storyboard */; };
		3CC9FC152B8F8EC4004246A6 /* Nocturne-C.mp3 in Resources */ = {isa = PBXBuildFile; fileRef = 3CC9FC102B8F8EC4004246A6 /* Nocturne-C.mp3 */; };
		3CC9FC162B8F8EC4004246A6 /* Fourseasons-V.mp3 in Resources */ = {isa = PBXBuildFile; fileRef = 3CC9FC112B8F8EC4004246A6 /* Fourseasons-V.mp3 */; };
		3CC9FC172B8F8EC4004246A6 /* Serenade-S.mp3 in Resources */ = {isa = PBXBuildFile; fileRef = 3CC9FC122B8F8EC4004246A6 /* Serenade-S.mp3 */; };
		3CC9FC182B8F8EC4004246A6 /* Requiem-M.mp3 in Resources */ = {isa = PBXBuildFile; fileRef = 3CC9FC132B8F8EC4004246A6 /* Requiem-M.mp3 */; };
		3CC9FC192B8F8EC4004246A6 /* Moonlight-B.mp3 in Resources */ = {isa = PBXBuildFile; fileRef = 3CC9FC142B8F8EC4004246A6 /* Moonlight-B.mp3 */; };
		3CC9FC1B2B8F8ED1004246A6 /* Composers.swift in Sources */ = {isa = PBXBuildFile; fileRef = 3CC9FC1A2B8F8ED1004246A6 /* Composers.swift */; };
		3CD293962B9359BF008E5E3C /* Assets.swift in Sources */ = {isa = PBXBuildFile; fileRef = 3CD293952B9359BF008E5E3C /* Assets.swift */; };
/* End PBXBuildFile section */

/* Begin PBXFileReference section */
		3CC821912B908181006216E7 /* Composer.swift */ = {isa = PBXFileReference; lastKnownFileType = sourcecode.swift; path = Composer.swift; sourceTree = "<group>"; };
		3CC821932B9083D9006216E7 /* Death.swift */ = {isa = PBXFileReference; lastKnownFileType = sourcecode.swift; path = Death.swift; sourceTree = "<group>"; };
		3CC821962B9085D6006216E7 /* ComposersViewModel.swift */ = {isa = PBXFileReference; lastKnownFileType = sourcecode.swift; path = ComposersViewModel.swift; sourceTree = "<group>"; };
		3CC821992B908BAF006216E7 /* ComposerTableViewCell.swift */ = {isa = PBXFileReference; lastKnownFileType = sourcecode.swift; path = ComposerTableViewCell.swift; sourceTree = "<group>"; };
		3CC9FBF42B8F82F9004246A6 /* Legendary Composers.app */ = {isa = PBXFileReference; explicitFileType = wrapper.application; includeInIndex = 0; path = "Legendary Composers.app"; sourceTree = BUILT_PRODUCTS_DIR; };
		3CC9FBF72B8F82F9004246A6 /* AppDelegate.swift */ = {isa = PBXFileReference; lastKnownFileType = sourcecode.swift; path = AppDelegate.swift; sourceTree = "<group>"; };
		3CC9FBF92B8F82F9004246A6 /* SceneDelegate.swift */ = {isa = PBXFileReference; lastKnownFileType = sourcecode.swift; path = SceneDelegate.swift; sourceTree = "<group>"; };
		3CC9FBFB2B8F82F9004246A6 /* ComposersViewController.swift */ = {isa = PBXFileReference; lastKnownFileType = sourcecode.swift; path = ComposersViewController.swift; sourceTree = "<group>"; };
		3CC9FBFE2B8F82F9004246A6 /* Base */ = {isa = PBXFileReference; lastKnownFileType = file.storyboard; name = Base; path = Base.lproj/Main.storyboard; sourceTree = "<group>"; };
		3CC9FC002B8F82FB004246A6 /* Assets.xcassets */ = {isa = PBXFileReference; lastKnownFileType = folder.assetcatalog; path = Assets.xcassets; sourceTree = "<group>"; };
		3CC9FC032B8F82FB004246A6 /* Base */ = {isa = PBXFileReference; lastKnownFileType = file.storyboard; name = Base; path = Base.lproj/LaunchScreen.storyboard; sourceTree = "<group>"; };
		3CC9FC052B8F82FB004246A6 /* Info.plist */ = {isa = PBXFileReference; lastKnownFileType = text.plist.xml; path = Info.plist; sourceTree = "<group>"; };
		3CC9FC102B8F8EC4004246A6 /* Nocturne-C.mp3 */ = {isa = PBXFileReference; lastKnownFileType = audio.mp3; path = "Nocturne-C.mp3"; sourceTree = "<group>"; };
		3CC9FC112B8F8EC4004246A6 /* Fourseasons-V.mp3 */ = {isa = PBXFileReference; lastKnownFileType = audio.mp3; path = "Fourseasons-V.mp3"; sourceTree = "<group>"; };
		3CC9FC122B8F8EC4004246A6 /* Serenade-S.mp3 */ = {isa = PBXFileReference; lastKnownFileType = audio.mp3; path = "Serenade-S.mp3"; sourceTree = "<group>"; };
		3CC9FC132B8F8EC4004246A6 /* Requiem-M.mp3 */ = {isa = PBXFileReference; lastKnownFileType = audio.mp3; path = "Requiem-M.mp3"; sourceTree = "<group>"; };
		3CC9FC142B8F8EC4004246A6 /* Moonlight-B.mp3 */ = {isa = PBXFileReference; lastKnownFileType = audio.mp3; path = "Moonlight-B.mp3"; sourceTree = "<group>"; };
		3CC9FC1A2B8F8ED1004246A6 /* Composers.swift */ = {isa = PBXFileReference; lastKnownFileType = sourcecode.swift; path = Composers.swift; sourceTree = "<group>"; };
		3CD293952B9359BF008E5E3C /* Assets.swift */ = {isa = PBXFileReference; lastKnownFileType = sourcecode.swift; path = Assets.swift; sourceTree = "<group>"; };
/* End PBXFileReference section */

/* Begin PBXFrameworksBuildPhase section */
		3CC9FBF12B8F82F9004246A6 /* Frameworks */ = {
			isa = PBXFrameworksBuildPhase;
			buildActionMask = 2147483647;
			files = (
			);
			runOnlyForDeploymentPostprocessing = 0;
		};
/* End PBXFrameworksBuildPhase section */

/* Begin PBXGroup section */
		3CC821902B908170006216E7 /* Model */ = {
			isa = PBXGroup;
			children = (
				3CC821912B908181006216E7 /* Composer.swift */,
				3CC821932B9083D9006216E7 /* Death.swift */,
			);
			path = Model;
			sourceTree = "<group>";
		};
		3CC821952B9085A3006216E7 /* ViewModel */ = {
			isa = PBXGroup;
			children = (
				3CC821962B9085D6006216E7 /* ComposersViewModel.swift */,
			);
			path = ViewModel;
			sourceTree = "<group>";
		};
		3CC821982B908B71006216E7 /* Views */ = {
			isa = PBXGroup;
			children = (
				3CC821992B908BAF006216E7 /* ComposerTableViewCell.swift */,
			);
			path = Views;
			sourceTree = "<group>";
		};
		3CC9FBEB2B8F82F9004246A6 = {
			isa = PBXGroup;
			children = (
				3CC9FBF62B8F82F9004246A6 /* Legendary Composers */,
				3CC9FBF52B8F82F9004246A6 /* Products */,
			);
			sourceTree = "<group>";
		};
		3CC9FBF52B8F82F9004246A6 /* Products */ = {
			isa = PBXGroup;
			children = (
				3CC9FBF42B8F82F9004246A6 /* Legendary Composers.app */,
			);
			name = Products;
			sourceTree = "<group>";
		};
		3CC9FBF62B8F82F9004246A6 /* Legendary Composers */ = {
			isa = PBXGroup;
			children = (
				3CC821982B908B71006216E7 /* Views */,
				3CC821952B9085A3006216E7 /* ViewModel */,
				3CC821902B908170006216E7 /* Model */,
				3CC9FC1C2B8F9C25004246A6 /* ViewControllers */,
				3CC9FC0E2B8F8EC4004246A6 /* Resources */,
				3CC9FBF72B8F82F9004246A6 /* AppDelegate.swift */,
				3CC9FBF92B8F82F9004246A6 /* SceneDelegate.swift */,
				3CC9FBFD2B8F82F9004246A6 /* Main.storyboard */,
				3CC9FC002B8F82FB004246A6 /* Assets.xcassets */,
				3CC9FC022B8F82FB004246A6 /* LaunchScreen.storyboard */,
				3CC9FC052B8F82FB004246A6 /* Info.plist */,
			);
			path = "Legendary Composers";
			sourceTree = "<group>";
		};
		3CC9FC0E2B8F8EC4004246A6 /* Resources */ = {
			isa = PBXGroup;
			children = (
				3CC9FC0F2B8F8EC4004246A6 /* Compositions */,
				3CC9FC1A2B8F8ED1004246A6 /* Composers.swift */,
				3CD293952B9359BF008E5E3C /* Assets.swift */,
			);
			path = Resources;
			sourceTree = "<group>";
		};
		3CC9FC0F2B8F8EC4004246A6 /* Compositions */ = {
			isa = PBXGroup;
			children = (
				3CC9FC102B8F8EC4004246A6 /* Nocturne-C.mp3 */,
				3CC9FC112B8F8EC4004246A6 /* Fourseasons-V.mp3 */,
				3CC9FC122B8F8EC4004246A6 /* Serenade-S.mp3 */,
				3CC9FC132B8F8EC4004246A6 /* Requiem-M.mp3 */,
				3CC9FC142B8F8EC4004246A6 /* Moonlight-B.mp3 */,
			);
			path = Compositions;
			sourceTree = "<group>";
		};
		3CC9FC1C2B8F9C25004246A6 /* ViewControllers */ = {
			isa = PBXGroup;
			children = (
				3CC9FBFB2B8F82F9004246A6 /* ComposersViewController.swift */,
			);
			path = ViewControllers;
			sourceTree = "<group>";
		};
/* End PBXGroup section */

/* Begin PBXNativeTarget section */
		3CC9FBF32B8F82F9004246A6 /* Legendary Composers */ = {
			isa = PBXNativeTarget;
			buildConfigurationList = 3CC9FC082B8F82FB004246A6 /* Build configuration list for PBXNativeTarget "Legendary Composers" */;
			buildPhases = (
				3CC9FBF02B8F82F9004246A6 /* Sources */,
				3CC9FBF12B8F82F9004246A6 /* Frameworks */,
				3CC9FBF22B8F82F9004246A6 /* Resources */,
			);
			buildRules = (
			);
			dependencies = (
			);
			name = "Legendary Composers";
			productName = "Legendary Composers";
			productReference = 3CC9FBF42B8F82F9004246A6 /* Legendary Composers.app */;
			productType = "com.apple.product-type.application";
		};
/* End PBXNativeTarget section */

/* Begin PBXProject section */
		3CC9FBEC2B8F82F9004246A6 /* Project object */ = {
			isa = PBXProject;
			attributes = {
				BuildIndependentTargetsInParallel = 1;
				LastSwiftUpdateCheck = 1520;
				LastUpgradeCheck = 1520;
				TargetAttributes = {
					3CC9FBF32B8F82F9004246A6 = {
						CreatedOnToolsVersion = 15.2;
					};
				};
			};
			buildConfigurationList = 3CC9FBEF2B8F82F9004246A6 /* Build configuration list for PBXProject "Legendary Composers" */;
			compatibilityVersion = "Xcode 14.0";
			developmentRegion = en;
			hasScannedForEncodings = 0;
			knownRegions = (
				en,
				Base,
			);
			mainGroup = 3CC9FBEB2B8F82F9004246A6;
			productRefGroup = 3CC9FBF52B8F82F9004246A6 /* Products */;
			projectDirPath = "";
			projectRoot = "";
			targets = (
				3CC9FBF32B8F82F9004246A6 /* Legendary Composers */,
			);
		};
/* End PBXProject section */

/* Begin PBXResourcesBuildPhase section */
		3CC9FBF22B8F82F9004246A6 /* Resources */ = {
			isa = PBXResourcesBuildPhase;
			buildActionMask = 2147483647;
			files = (
				3CC9FC042B8F82FB004246A6 /* LaunchScreen.storyboard in Resources */,
				3CC9FC012B8F82FB004246A6 /* Assets.xcassets in Resources */,
				3CC9FC152B8F8EC4004246A6 /* Nocturne-C.mp3 in Resources */,
				3CC9FC162B8F8EC4004246A6 /* Fourseasons-V.mp3 in Resources */,
				3CC9FBFF2B8F82F9004246A6 /* Main.storyboard in Resources */,
				3CC9FC192B8F8EC4004246A6 /* Moonlight-B.mp3 in Resources */,
				3CC9FC182B8F8EC4004246A6 /* Requiem-M.mp3 in Resources */,
				3CC9FC172B8F8EC4004246A6 /* Serenade-S.mp3 in Resources */,
			);
			runOnlyForDeploymentPostprocessing = 0;
		};
/* End PBXResourcesBuildPhase section */

/* Begin PBXSourcesBuildPhase section */
		3CC9FBF02B8F82F9004246A6 /* Sources */ = {
			isa = PBXSourcesBuildPhase;
			buildActionMask = 2147483647;
			files = (
				3CC821922B908181006216E7 /* Composer.swift in Sources */,
				3CC8219A2B908BAF006216E7 /* ComposerTableViewCell.swift in Sources */,
				3CC9FBFC2B8F82F9004246A6 /* ComposersViewController.swift in Sources */,
				3CC9FC1B2B8F8ED1004246A6 /* Composers.swift in Sources */,
				3CC821972B9085D6006216E7 /* ComposersViewModel.swift in Sources */,
				3CC9FBF82B8F82F9004246A6 /* AppDelegate.swift in Sources */,
				3CC821942B9083D9006216E7 /* Death.swift in Sources */,
				3CC9FBFA2B8F82F9004246A6 /* SceneDelegate.swift in Sources */,
				3CD293962B9359BF008E5E3C /* Assets.swift in Sources */,
			);
			runOnlyForDeploymentPostprocessing = 0;
		};
/* End PBXSourcesBuildPhase section */

/* Begin PBXVariantGroup section */
		3CC9FBFD2B8F82F9004246A6 /* Main.storyboard */ = {
			isa = PBXVariantGroup;
			children = (
				3CC9FBFE2B8F82F9004246A6 /* Base */,
			);
			name = Main.storyboard;
			sourceTree = "<group>";
		};
		3CC9FC022B8F82FB004246A6 /* LaunchScreen.storyboard */ = {
			isa = PBXVariantGroup;
			children = (
				3CC9FC032B8F82FB004246A6 /* Base */,
			);
			name = LaunchScreen.storyboard;
			sourceTree = "<group>";
		};
/* End PBXVariantGroup section */

/* Begin XCBuildConfiguration section */
		3CC9FC062B8F82FB004246A6 /* Debug */ = {
			isa = XCBuildConfiguration;
			buildSettings = {
				ALWAYS_SEARCH_USER_PATHS = NO;
				ASSETCATALOG_COMPILER_GENERATE_SWIFT_ASSET_SYMBOL_EXTENSIONS = YES;
				CLANG_ANALYZER_NONNULL = YES;
				CLANG_ANALYZER_NUMBER_OBJECT_CONVERSION = YES_AGGRESSIVE;
				CLANG_CXX_LANGUAGE_STANDARD = "gnu++20";
				CLANG_ENABLE_MODULES = YES;
				CLANG_ENABLE_OBJC_ARC = YES;
				CLANG_ENABLE_OBJC_WEAK = YES;
				CLANG_WARN_BLOCK_CAPTURE_AUTORELEASING = YES;
				CLANG_WARN_BOOL_CONVERSION = YES;
				CLANG_WARN_COMMA = YES;
				CLANG_WARN_CONSTANT_CONVERSION = YES;
				CLANG_WARN_DEPRECATED_OBJC_IMPLEMENTATIONS = YES;
				CLANG_WARN_DIRECT_OBJC_ISA_USAGE = YES_ERROR;
				CLANG_WARN_DOCUMENTATION_COMMENTS = YES;
				CLANG_WARN_EMPTY_BODY = YES;
				CLANG_WARN_ENUM_CONVERSION = YES;
				CLANG_WARN_INFINITE_RECURSION = YES;
				CLANG_WARN_INT_CONVERSION = YES;
				CLANG_WARN_NON_LITERAL_NULL_CONVERSION = YES;
				CLANG_WARN_OBJC_IMPLICIT_RETAIN_SELF = YES;
				CLANG_WARN_OBJC_LITERAL_CONVERSION = YES;
				CLANG_WARN_OBJC_ROOT_CLASS = YES_ERROR;
				CLANG_WARN_QUOTED_INCLUDE_IN_FRAMEWORK_HEADER = YES;
				CLANG_WARN_RANGE_LOOP_ANALYSIS = YES;
				CLANG_WARN_STRICT_PROTOTYPES = YES;
				CLANG_WARN_SUSPICIOUS_MOVE = YES;
				CLANG_WARN_UNGUARDED_AVAILABILITY = YES_AGGRESSIVE;
				CLANG_WARN_UNREACHABLE_CODE = YES;
				CLANG_WARN__DUPLICATE_METHOD_MATCH = YES;
				COPY_PHASE_STRIP = NO;
				DEBUG_INFORMATION_FORMAT = dwarf;
				ENABLE_STRICT_OBJC_MSGSEND = YES;
				ENABLE_TESTABILITY = YES;
				ENABLE_USER_SCRIPT_SANDBOXING = YES;
				GCC_C_LANGUAGE_STANDARD = gnu17;
				GCC_DYNAMIC_NO_PIC = NO;
				GCC_NO_COMMON_BLOCKS = YES;
				GCC_OPTIMIZATION_LEVEL = 0;
				GCC_PREPROCESSOR_DEFINITIONS = (
					"DEBUG=1",
					"$(inherited)",
				);
				GCC_WARN_64_TO_32_BIT_CONVERSION = YES;
				GCC_WARN_ABOUT_RETURN_TYPE = YES_ERROR;
				GCC_WARN_UNDECLARED_SELECTOR = YES;
				GCC_WARN_UNINITIALIZED_AUTOS = YES_AGGRESSIVE;
				GCC_WARN_UNUSED_FUNCTION = YES;
				GCC_WARN_UNUSED_VARIABLE = YES;
				IPHONEOS_DEPLOYMENT_TARGET = 17.2;
				LOCALIZATION_PREFERS_STRING_CATALOGS = YES;
				MTL_ENABLE_DEBUG_INFO = INCLUDE_SOURCE;
				MTL_FAST_MATH = YES;
				ONLY_ACTIVE_ARCH = YES;
				SDKROOT = iphoneos;
				SWIFT_ACTIVE_COMPILATION_CONDITIONS = "DEBUG $(inherited)";
				SWIFT_OPTIMIZATION_LEVEL = "-Onone";
			};
			name = Debug;
		};
		3CC9FC072B8F82FB004246A6 /* Release */ = {
			isa = XCBuildConfiguration;
			buildSettings = {
				ALWAYS_SEARCH_USER_PATHS = NO;
				ASSETCATALOG_COMPILER_GENERATE_SWIFT_ASSET_SYMBOL_EXTENSIONS = YES;
				CLANG_ANALYZER_NONNULL = YES;
				CLANG_ANALYZER_NUMBER_OBJECT_CONVERSION = YES_AGGRESSIVE;
				CLANG_CXX_LANGUAGE_STANDARD = "gnu++20";
				CLANG_ENABLE_MODULES = YES;
				CLANG_ENABLE_OBJC_ARC = YES;
				CLANG_ENABLE_OBJC_WEAK = YES;
				CLANG_WARN_BLOCK_CAPTURE_AUTORELEASING = YES;
				CLANG_WARN_BOOL_CONVERSION = YES;
				CLANG_WARN_COMMA = YES;
				CLANG_WARN_CONSTANT_CONVERSION = YES;
				CLANG_WARN_DEPRECATED_OBJC_IMPLEMENTATIONS = YES;
				CLANG_WARN_DIRECT_OBJC_ISA_USAGE = YES_ERROR;
				CLANG_WARN_DOCUMENTATION_COMMENTS = YES;
				CLANG_WARN_EMPTY_BODY = YES;
				CLANG_WARN_ENUM_CONVERSION = YES;
				CLANG_WARN_INFINITE_RECURSION = YES;
				CLANG_WARN_INT_CONVERSION = YES;
				CLANG_WARN_NON_LITERAL_NULL_CONVERSION = YES;
				CLANG_WARN_OBJC_IMPLICIT_RETAIN_SELF = YES;
				CLANG_WARN_OBJC_LITERAL_CONVERSION = YES;
				CLANG_WARN_OBJC_ROOT_CLASS = YES_ERROR;
				CLANG_WARN_QUOTED_INCLUDE_IN_FRAMEWORK_HEADER = YES;
				CLANG_WARN_RANGE_LOOP_ANALYSIS = YES;
				CLANG_WARN_STRICT_PROTOTYPES = YES;
				CLANG_WARN_SUSPICIOUS_MOVE = YES;
				CLANG_WARN_UNGUARDED_AVAILABILITY = YES_AGGRESSIVE;
				CLANG_WARN_UNREACHABLE_CODE = YES;
				CLANG_WARN__DUPLICATE_METHOD_MATCH = YES;
				COPY_PHASE_STRIP = NO;
				DEBUG_INFORMATION_FORMAT = "dwarf-with-dsym";
				ENABLE_NS_ASSERTIONS = NO;
				ENABLE_STRICT_OBJC_MSGSEND = YES;
				ENABLE_USER_SCRIPT_SANDBOXING = YES;
				GCC_C_LANGUAGE_STANDARD = gnu17;
				GCC_NO_COMMON_BLOCKS = YES;
				GCC_WARN_64_TO_32_BIT_CONVERSION = YES;
				GCC_WARN_ABOUT_RETURN_TYPE = YES_ERROR;
				GCC_WARN_UNDECLARED_SELECTOR = YES;
				GCC_WARN_UNINITIALIZED_AUTOS = YES_AGGRESSIVE;
				GCC_WARN_UNUSED_FUNCTION = YES;
				GCC_WARN_UNUSED_VARIABLE = YES;
				IPHONEOS_DEPLOYMENT_TARGET = 17.2;
				LOCALIZATION_PREFERS_STRING_CATALOGS = YES;
				MTL_ENABLE_DEBUG_INFO = NO;
				MTL_FAST_MATH = YES;
				SDKROOT = iphoneos;
				SWIFT_COMPILATION_MODE = wholemodule;
				VALIDATE_PRODUCT = YES;
			};
			name = Release;
		};
		3CC9FC092B8F82FB004246A6 /* Debug */ = {
			isa = XCBuildConfiguration;
			buildSettings = {
				ASSETCATALOG_COMPILER_APPICON_NAME = AppIcon;
				ASSETCATALOG_COMPILER_GLOBAL_ACCENT_COLOR_NAME = AccentColor;
				CODE_SIGN_STYLE = Automatic;
				CURRENT_PROJECT_VERSION = 1;
				DEVELOPMENT_TEAM = PYS8QL65F7;
				GENERATE_INFOPLIST_FILE = YES;
				INFOPLIST_FILE = "Legendary Composers/Info.plist";
				INFOPLIST_KEY_UIApplicationSupportsIndirectInputEvents = YES;
				INFOPLIST_KEY_UILaunchStoryboardName = LaunchScreen;
				INFOPLIST_KEY_UIMainStoryboardFile = Main;
				INFOPLIST_KEY_UIStatusBarStyle = "";
				INFOPLIST_KEY_UISupportedInterfaceOrientations = UIInterfaceOrientationPortrait;
				INFOPLIST_KEY_UISupportedInterfaceOrientations_iPad = "UIInterfaceOrientationLandscapeLeft UIInterfaceOrientationLandscapeRight UIInterfaceOrientationPortrait UIInterfaceOrientationPortraitUpsideDown";
				IPHONEOS_DEPLOYMENT_TARGET = 13.0;
				LD_RUNPATH_SEARCH_PATHS = (
					"$(inherited)",
					"@executable_path/Frameworks",
				);
				MARKETING_VERSION = 1.0;
				PRODUCT_BUNDLE_IDENTIFIER = "com.azimgunes.Legendary-Composers";
				PRODUCT_NAME = "$(TARGET_NAME)";
				SUPPORTED_PLATFORMS = "iphoneos iphonesimulator";
				SUPPORTS_MACCATALYST = NO;
				SUPPORTS_XR_DESIGNED_FOR_IPHONE_IPAD = NO;
				SWIFT_EMIT_LOC_STRINGS = YES;
				SWIFT_VERSION = 5.0;
				TARGETED_DEVICE_FAMILY = 1;
			};
			name = Debug;
		};
		3CC9FC0A2B8F82FB004246A6 /* Release */ = {
			isa = XCBuildConfiguration;
			buildSettings = {
				ASSETCATALOG_COMPILER_APPICON_NAME = AppIcon;
				ASSETCATALOG_COMPILER_GLOBAL_ACCENT_COLOR_NAME = AccentColor;
				CODE_SIGN_STYLE = Automatic;
				CURRENT_PROJECT_VERSION = 1;
				DEVELOPMENT_TEAM = PYS8QL65F7;
				GENERATE_INFOPLIST_FILE = YES;
				INFOPLIST_FILE = "Legendary Composers/Info.plist";
				INFOPLIST_KEY_UIApplicationSupportsIndirectInputEvents = YES;
				INFOPLIST_KEY_UILaunchStoryboardName = LaunchScreen;
				INFOPLIST_KEY_UIMainStoryboardFile = Main;
				INFOPLIST_KEY_UIStatusBarStyle = "";
				INFOPLIST_KEY_UISupportedInterfaceOrientations = UIInterfaceOrientationPortrait;
				INFOPLIST_KEY_UISupportedInterfaceOrientations_iPad = "UIInterfaceOrientationLandscapeLeft UIInterfaceOrientationLandscapeRight UIInterfaceOrientationPortrait UIInterfaceOrientationPortraitUpsideDown";
				IPHONEOS_DEPLOYMENT_TARGET = 13.0;
				LD_RUNPATH_SEARCH_PATHS = (
					"$(inherited)",
					"@executable_path/Frameworks",
				);
				MARKETING_VERSION = 1.0;
				PRODUCT_BUNDLE_IDENTIFIER = "com.azimgunes.Legendary-Composers";
				PRODUCT_NAME = "$(TARGET_NAME)";
				SUPPORTED_PLATFORMS = "iphoneos iphonesimulator";
				SUPPORTS_MACCATALYST = NO;
				SUPPORTS_XR_DESIGNED_FOR_IPHONE_IPAD = NO;
				SWIFT_EMIT_LOC_STRINGS = YES;
				SWIFT_VERSION = 5.0;
				TARGETED_DEVICE_FAMILY = 1;
			};
			name = Release;
		};
/* End XCBuildConfiguration section */

/* Begin XCConfigurationList section */
		3CC9FBEF2B8F82F9004246A6 /* Build configuration list for PBXProject "Legendary Composers" */ = {
			isa = XCConfigurationList;
			buildConfigurations = (
				3CC9FC062B8F82FB004246A6 /* Debug */,
				3CC9FC072B8F82FB004246A6 /* Release */,
			);
			defaultConfigurationIsVisible = 0;
			defaultConfigurationName = Release;
		};
		3CC9FC082B8F82FB004246A6 /* Build configuration list for PBXNativeTarget "Legendary Composers" */ = {
			isa = XCConfigurationList;
			buildConfigurations = (
				3CC9FC092B8F82FB004246A6 /* Debug */,
				3CC9FC0A2B8F82FB004246A6 /* Release */,
			);
			defaultConfigurationIsVisible = 0;
			defaultConfigurationName = Release;
		};
/* End XCConfigurationList section */
	};
	rootObject = 3CC9FBEC2B8F82F9004246A6 /* Project object */;
}
